
Microsoft Visual Studio Solution File, Format Version 12.00
# Visual Studio Version 17
VisualStudioVersion = 17.9.34607.119
MinimumVisualStudioVersion = 10.0.40219.1
Project("{FAE04EC0-301F-11D3-BF4B-00C04F79EFBC}") = "Algorithms-NguyenDinhCong", "Algorithms-NguyenDinhCong.csproj", "{2E24602E-F9F5-4719-A7CC-03F6FD78BDD6}"
EndProject
Global
	GlobalSection(SolutionConfigurationPlatforms) = preSolution
		Debug|Any CPU = Debug|Any CPU
		Release|Any CPU = Release|Any CPU
	EndGlobalSection
	GlobalSection(ProjectConfigurationPlatforms) = postSolution
		{2E24602E-F9F5-4719-A7CC-03F6FD78BDD6}.Debug|Any CPU.ActiveCfg = Debug|Any CPU
		{2E24602E-F9F5-4719-A7CC-03F6FD78BDD6}.Debug|Any CPU.Build.0 = Debug|Any CPU
		{2E24602E-F9F5-4719-A7CC-03F6FD78BDD6}.Release|Any CPU.ActiveCfg = Release|Any CPU
		{2E24602E-F9F5-4719-A7CC-03F6FD78BDD6}.Release|Any CPU.Build.0 = Release|Any CPU
	EndGlobalSection
	GlobalSection(SolutionProperties) = preSolution
		HideSolutionNode = FALSE
	EndGlobalSection
	GlobalSection(ExtensibilityGlobals) = postSolution
		SolutionGuid = {63866C7E-E48C-418D-93F8-BDB0D96245E5}
	EndGlobalSection
EndGlobal
